{
  "version": 4,
  "terraform_version": "1.2.3",
  "serial": 181,
  "lineage": "4e5ce42b-55b3-7b2a-92ee-e736a19462ac",
  "outputs": {},
  "resources": [
    {
      "module": "module.apigateway",
      "mode": "managed",
      "type": "aws_api_gateway_deployment",
      "name": "test_api_deployment",
      "provider": "provider[\"registry.terraform.io/hashicorp/aws\"]",
      "instances": [
        {
          "schema_version": 0,
          "attributes": {
            "created_date": "2022-06-28T12:04:53Z",
            "description": "",
            "execution_arn": "arn:aws:execute-api:us-east-1:684057613752:tyt0bvryo8/",
            "id": "0dsksb",
            "invoke_url": "https://tyt0bvryo8.execute-api.us-east-1.amazonaws.com/",
            "rest_api_id": "tyt0bvryo8",
            "stage_description": null,
            "stage_name": null,
            "triggers": {
              "redeployment": "374707e207dee40322358da80c87172991cbb138"
            },
            "variables": null
          },
          "sensitive_attributes": [],
          "private": "bnVsbA==",
          "dependencies": [
            "module.apigateway.aws_api_gateway_integration.test_api_intergration",
            "module.apigateway.aws_api_gateway_method.test_api_method",
            "module.apigateway.aws_api_gateway_resource.test_api_resource",
            "module.apigateway.aws_api_gateway_rest_api.test_api",
            "module.lambda.aws_lambda_function.lambda_api_function",
            "module.lambda.aws_s3_bucket_object.api_lambda_script_file",
            "module.role.aws_iam_role.lambda_role"
          ]
        }
      ]
    },
    {
      "module": "module.apigateway",
      "mode": "managed",
      "type": "aws_api_gateway_integration",
      "name": "test_api_intergration",
      "provider": "provider[\"registry.terraform.io/hashicorp/aws\"]",
      "instances": [
        {
          "schema_version": 0,
          "attributes": {
            "cache_key_parameters": null,
            "cache_namespace": "1nyn41",
            "connection_id": "",
            "connection_type": "INTERNET",
            "content_handling": "",
            "credentials": "",
            "http_method": "GET",
            "id": "agi-tyt0bvryo8-1nyn41-GET",
            "integration_http_method": "POST",
            "passthrough_behavior": "WHEN_NO_MATCH",
            "request_parameters": null,
            "request_templates": null,
            "resource_id": "1nyn41",
            "rest_api_id": "tyt0bvryo8",
            "timeout_milliseconds": 29000,
            "tls_config": [],
            "type": "AWS",
            "uri": "arn:aws:apigateway:us-east-1:lambda:path/2015-03-31/functions/arn:aws:lambda:us-east-1:684057613752:function:lambda-api-function/invocations"
          },
          "sensitive_attributes": [],
          "private": "bnVsbA==",
          "dependencies": [
            "module.apigateway.aws_api_gateway_method.test_api_method",
            "module.apigateway.aws_api_gateway_resource.test_api_resource",
            "module.apigateway.aws_api_gateway_rest_api.test_api",
            "module.lambda.aws_lambda_function.lambda_api_function",
            "module.lambda.aws_s3_bucket_object.api_lambda_script_file",
            "module.role.aws_iam_role.lambda_role"
          ]
        }
      ]
    },
    {
      "module": "module.apigateway",
      "mode": "managed",
      "type": "aws_api_gateway_integration_response",
      "name": "IntegrationResponse",
      "provider": "provider[\"registry.terraform.io/hashicorp/aws\"]",
      "instances": [
        {
          "schema_version": 0,
          "attributes": {
            "content_handling": "",
            "http_method": "GET",
            "id": "agir-tyt0bvryo8-1nyn41-GET-200",
            "resource_id": "1nyn41",
            "response_parameters": null,
            "response_templates": {
              "application/json": ""
            },
            "rest_api_id": "tyt0bvryo8",
            "selection_pattern": "",
            "status_code": "200"
          },
          "sensitive_attributes": [],
          "private": "bnVsbA==",
          "dependencies": [
            "module.apigateway.aws_api_gateway_integration.test_api_intergration",
            "module.apigateway.aws_api_gateway_method.test_api_method",
            "module.apigateway.aws_api_gateway_method_response.response_200",
            "module.apigateway.aws_api_gateway_resource.test_api_resource",
            "module.apigateway.aws_api_gateway_rest_api.test_api",
            "module.lambda.aws_lambda_function.lambda_api_function",
            "module.lambda.aws_s3_bucket_object.api_lambda_script_file",
            "module.role.aws_iam_role.lambda_role"
          ]
        }
      ]
    },
    {
      "module": "module.apigateway",
      "mode": "managed",
      "type": "aws_api_gateway_method",
      "name": "test_api_method",
      "provider": "provider[\"registry.terraform.io/hashicorp/aws\"]",
      "instances": [
        {
          "schema_version": 0,
          "attributes": {
            "api_key_required": false,
            "authorization": "NONE",
            "authorization_scopes": null,
            "authorizer_id": null,
            "http_method": "GET",
            "id": "agm-tyt0bvryo8-1nyn41-GET",
            "operation_name": null,
            "request_models": null,
            "request_parameters": null,
            "request_validator_id": null,
            "resource_id": "1nyn41",
            "rest_api_id": "tyt0bvryo8"
          },
          "sensitive_attributes": [],
          "private": "bnVsbA==",
          "dependencies": [
            "module.apigateway.aws_api_gateway_resource.test_api_resource",
            "module.apigateway.aws_api_gateway_rest_api.test_api"
          ]
        }
      ]
    },
    {
      "module": "module.apigateway",
      "mode": "managed",
      "type": "aws_api_gateway_method_response",
      "name": "response_200",
      "provider": "provider[\"registry.terraform.io/hashicorp/aws\"]",
      "instances": [
        {
          "schema_version": 0,
          "attributes": {
            "http_method": "GET",
            "id": "agmr-tyt0bvryo8-1nyn41-GET-200",
            "resource_id": "1nyn41",
            "response_models": {
              "application/json": "Empty"
            },
            "response_parameters": null,
            "rest_api_id": "tyt0bvryo8",
            "status_code": "200"
          },
          "sensitive_attributes": [],
          "private": "bnVsbA==",
          "dependencies": [
            "module.apigateway.aws_api_gateway_method.test_api_method",
            "module.apigateway.aws_api_gateway_resource.test_api_resource",
            "module.apigateway.aws_api_gateway_rest_api.test_api"
          ]
        }
      ]
    },
    {
      "module": "module.apigateway",
      "mode": "managed",
      "type": "aws_api_gateway_resource",
      "name": "test_api_resource",
      "provider": "provider[\"registry.terraform.io/hashicorp/aws\"]",
      "instances": [
        {
          "schema_version": 0,
          "attributes": {
            "id": "1nyn41",
            "parent_id": "0c18g7gyfj",
            "path": "/testapiresource",
            "path_part": "testapiresource",
            "rest_api_id": "tyt0bvryo8"
          },
          "sensitive_attributes": [],
          "private": "bnVsbA==",
          "dependencies": [
            "module.apigateway.aws_api_gateway_rest_api.test_api"
          ]
        }
      ]
    },
    {
      "module": "module.apigateway",
      "mode": "managed",
      "type": "aws_api_gateway_rest_api",
      "name": "test_api",
      "provider": "provider[\"registry.terraform.io/hashicorp/aws\"]",
      "instances": [
        {
          "schema_version": 0,
          "attributes": {
            "api_key_source": "HEADER",
            "arn": "arn:aws:apigateway:us-east-1::/restapis/tyt0bvryo8",
            "binary_media_types": [],
            "body": null,
            "created_date": "2022-06-28T12:04:34Z",
            "description": "",
            "disable_execute_api_endpoint": false,
            "endpoint_configuration": [
              {
                "types": [
                  "REGIONAL"
                ],
                "vpc_endpoint_ids": []
              }
            ],
            "execution_arn": "arn:aws:execute-api:us-east-1:684057613752:tyt0bvryo8",
            "id": "tyt0bvryo8",
            "minimum_compression_size": -1,
            "name": "test-api",
            "parameters": null,
            "policy": "",
            "root_resource_id": "0c18g7gyfj",
            "tags": null,
            "tags_all": {}
          },
          "sensitive_attributes": [],
          "private": "bnVsbA=="
        }
      ]
    },
    {
      "module": "module.apigateway",
      "mode": "managed",
      "type": "aws_api_gateway_stage",
      "name": "test_api_stage",
      "provider": "provider[\"registry.terraform.io/hashicorp/aws\"]",
      "instances": [
        {
          "schema_version": 0,
          "attributes": {
            "access_log_settings": [],
            "arn": "arn:aws:apigateway:us-east-1::/restapis/tyt0bvryo8/stages/test",
            "cache_cluster_enabled": false,
            "cache_cluster_size": "",
            "canary_settings": [],
            "client_certificate_id": "",
            "deployment_id": "0dsksb",
            "description": "",
            "documentation_version": "",
            "execution_arn": "arn:aws:execute-api:us-east-1:684057613752:tyt0bvryo8/test",
            "id": "ags-tyt0bvryo8-test",
            "invoke_url": "https://tyt0bvryo8.execute-api.us-east-1.amazonaws.com/test",
            "rest_api_id": "tyt0bvryo8",
            "stage_name": "test",
            "tags": null,
            "tags_all": {},
            "variables": null,
            "web_acl_arn": "",
            "xray_tracing_enabled": false
          },
          "sensitive_attributes": [],
          "private": "bnVsbA==",
          "dependencies": [
            "module.apigateway.aws_api_gateway_deployment.test_api_deployment",
            "module.apigateway.aws_api_gateway_integration.test_api_intergration",
            "module.apigateway.aws_api_gateway_method.test_api_method",
            "module.apigateway.aws_api_gateway_resource.test_api_resource",
            "module.apigateway.aws_api_gateway_rest_api.test_api",
            "module.lambda.aws_lambda_function.lambda_api_function",
            "module.lambda.aws_s3_bucket_object.api_lambda_script_file",
            "module.role.aws_iam_role.lambda_role"
          ]
        }
      ]
    },
    {
      "module": "module.lambda",
      "mode": "managed",
      "type": "aws_lambda_function",
      "name": "lambda_api_function",
      "provider": "provider[\"registry.terraform.io/hashicorp/aws\"]",
      "instances": [
        {
          "schema_version": 0,
          "attributes": {
            "architectures": [
              "x86_64"
            ],
            "arn": "arn:aws:lambda:us-east-1:684057613752:function:lambda-api-function",
            "code_signing_config_arn": "",
            "dead_letter_config": [],
            "description": "",
            "environment": [],
            "ephemeral_storage": [
              {
                "size": 512
              }
            ],
            "file_system_config": [],
            "filename": null,
            "function_name": "lambda-api-function",
            "handler": "api_test.lambda_handler",
            "id": "lambda-api-function",
            "image_config": [],
            "image_uri": "",
            "invoke_arn": "arn:aws:apigateway:us-east-1:lambda:path/2015-03-31/functions/arn:aws:lambda:us-east-1:684057613752:function:lambda-api-function/invocations",
            "kms_key_arn": "",
            "last_modified": "2022-06-28T12:04:45.843+0000",
            "layers": null,
            "memory_size": 128,
            "package_type": "Zip",
            "publish": false,
            "qualified_arn": "arn:aws:lambda:us-east-1:684057613752:function:lambda-api-function:$LATEST",
            "reserved_concurrent_executions": -1,
            "role": "arn:aws:iam::684057613752:role/lambda_execution_role",
            "runtime": "python3.9",
            "s3_bucket": "lambda-test-bucket-2022",
            "s3_key": "scripts/lambda/api_test.zip",
            "s3_object_version": null,
            "signing_job_arn": "",
            "signing_profile_version_arn": "",
            "source_code_hash": "CzCBfvncGrHCUFpbqykOkZLoBhwrJbF0ddaBfM8tsdw=",
            "source_code_size": 262,
            "tags": null,
            "tags_all": {},
            "timeout": 3,
            "timeouts": null,
            "tracing_config": [
              {
                "mode": "PassThrough"
              }
            ],
            "version": "$LATEST",
            "vpc_config": []
          },
          "sensitive_attributes": [],
          "private": "eyJlMmJmYjczMC1lY2FhLTExZTYtOGY4OC0zNDM2M2JjN2M0YzAiOnsiY3JlYXRlIjo2MDAwMDAwMDAwMDB9fQ==",
          "dependencies": [
            "module.lambda.aws_s3_bucket_object.api_lambda_script_file",
            "module.role.aws_iam_role.lambda_role"
          ]
        }
      ]
    },
    {
      "module": "module.lambda",
      "mode": "managed",
      "type": "aws_lambda_permission",
      "name": "allow_api_gateway",
      "provider": "provider[\"registry.terraform.io/hashicorp/aws\"]",
      "instances": [
        {
          "schema_version": 0,
          "attributes": {
            "action": "lambda:InvokeFunction",
            "event_source_token": null,
            "function_name": "lambda-api-function",
            "function_url_auth_type": null,
            "id": "terraform-20220628120434985100000001",
            "principal": "apigateway.amazonaws.com",
            "principal_org_id": null,
            "qualifier": "",
            "source_account": null,
            "source_arn": "arn:aws:execute-api:us-east-1:684057613752:tyt0bvryo8/*/*",
            "statement_id": "terraform-20220628120434985100000001",
            "statement_id_prefix": "terraform-"
          },
          "sensitive_attributes": [],
          "private": "bnVsbA==",
          "dependencies": [
            "module.apigateway.aws_api_gateway_rest_api.test_api"
          ]
        }
      ]
    },
    {
      "module": "module.lambda",
      "mode": "managed",
      "type": "aws_s3_bucket_object",
      "name": "api_lambda_script_file",
      "provider": "provider[\"registry.terraform.io/hashicorp/aws\"]",
      "instances": [
        {
          "schema_version": 0,
          "attributes": {
            "acl": "private",
            "bucket": "lambda-test-bucket-2022",
            "bucket_key_enabled": false,
            "cache_control": "",
            "content": null,
            "content_base64": null,
            "content_disposition": "",
            "content_encoding": "",
            "content_language": "",
            "content_type": "binary/octet-stream",
            "etag": "5d3326fa76cb44c17eb21d6675f01254",
            "force_destroy": false,
            "id": "scripts/lambda/api_test.zip",
            "key": "scripts/lambda/api_test.zip",
            "kms_key_id": null,
            "metadata": null,
            "object_lock_legal_hold_status": "",
            "object_lock_mode": "",
            "object_lock_retain_until_date": "",
            "server_side_encryption": "aws:kms",
            "source": "lambda/scripts/api_test.zip",
            "source_hash": null,
            "storage_class": "STANDARD",
            "tags": null,
            "tags_all": {},
            "version_id": "",
            "website_redirect": ""
          },
          "sensitive_attributes": [],
          "private": "bnVsbA=="
        }
      ]
    },
    {
      "module": "module.role",
      "mode": "managed",
      "type": "aws_iam_role",
      "name": "lambda_role",
      "provider": "provider[\"registry.terraform.io/hashicorp/aws\"]",
      "instances": [
        {
          "schema_version": 0,
          "attributes": {
            "arn": "arn:aws:iam::684057613752:role/lambda_execution_role",
            "assume_role_policy": "{\"Version\":\"2012-10-17\",\"Statement\":[{\"Effect\":\"Allow\",\"Principal\":{\"Service\":\"lambda.amazonaws.com\"},\"Action\":\"sts:AssumeRole\"}]}",
            "create_date": "2022-06-28T12:04:34Z",
            "description": "",
            "force_detach_policies": false,
            "id": "lambda_execution_role",
            "inline_policy": [
              {
                "name": "",
                "policy": ""
              }
            ],
            "managed_policy_arns": [],
            "max_session_duration": 3600,
            "name": "lambda_execution_role",
            "name_prefix": "",
            "path": "/",
            "permissions_boundary": null,
            "tags": null,
            "tags_all": {},
            "unique_id": "AROAZ6RIC2W4METWGVIIJ"
          },
          "sensitive_attributes": [],
          "private": "bnVsbA=="
        }
      ]
    }
  ]
}
